{
  "name": "core-web-account",
  "version": "1.0.0",
  "lockfileVersion": 1,
  "requires": true,
  "dependencies": {
    "@hotwired/stimulus": {
      "version": "3.2.2",
      "resolved": "https://registry.npmjs.org/@hotwired/stimulus/-/stimulus-3.2.2.tgz",
      "integrity": "sha512-eGeIqNOQpXoPAIP7tC1+1Yc1yl1xnwYqg+3mzqxyrbE5pg5YFBZcA6YoTiByJB6DKAEsiWtl6tjTJS4IYtbB7A==",
      "dev": true
    },
    "@types/bootbox": {
      "version": "5.2.9",
      "resolved": "https://registry.npmjs.org/@types/bootbox/-/bootbox-5.2.9.tgz",
      "integrity": "sha512-lNtFr624WN0PfdV46MBqe0VvnDBO3v1bEXRoEI+FLwztKAxkTB2547dtdb364VP3QsAOQ2O4qlEywOyesFiRVw==",
      "dev": true,
      "requires": {
        "@types/jquery": "*"
      }
    },
    "@types/hotwired__turbo": {
      "version": "8.0.9",
      "resolved": "https://registry.npmjs.org/@types/hotwired__turbo/-/hotwired__turbo-8.0.9.tgz",
      "integrity": "sha512-q2XWdObf8J+3V8fESKkd452Iy1A9ZFemQVGzKmxmZ02Clo1D/HEiX8bMQRmJ432RQ4sp24R0f7XQjHWNQC26XA==",
      "dev": true
    },
    "@types/jquery": {
      "version": "3.5.34",
      "resolved": "https://registry.npmjs.org/@types/jquery/-/jquery-3.5.34.tgz",
      "integrity": "sha512-3m3939S3erqmTLJANS/uy0B6V7BorKx7RorcGZVjZ62dF5PAGbKEDZK1CuLtKombJkFA2T1jl8LAIIs7IV6gBQ==",
      "dev": true,
      "requires": {
        "@types/sizzle": "*"
      }
    },
    "@types/jquery-validation-unobtrusive": {
      "version": "3.2.35",
      "resolved": "https://registry.npmjs.org/@types/jquery-validation-unobtrusive/-/jquery-validation-unobtrusive-3.2.35.tgz",
      "integrity": "sha512-UHMfvUkJQ7Ert0dul8bqLrtm/picdj+UPhodjJR9YHa4FGQIoZ++JdK3IsjFCjY+pOuPiYxePfv+450aSIYahg==",
      "dev": true,
      "requires": {
        "@types/jquery.validation": "*"
      }
    },
    "@types/jquery.validation": {
      "version": "1.17.1",
      "resolved": "https://registry.npmjs.org/@types/jquery.validation/-/jquery.validation-1.17.1.tgz",
      "integrity": "sha512-QA2yqpPVFSsZSBLRx+4/inecbjbtZGO0gJhBzJa3INnAIHV04Gf4q61d5Xrhru9ozHBG98JwcGQqIvu3yVzhvg==",
      "dev": true,
      "requires": {
        "@types/jquery": "*"
      }
    },
    "@types/sizzle": {
      "version": "2.3.10",
      "resolved": "https://registry.npmjs.org/@types/sizzle/-/sizzle-2.3.10.tgz",
      "integrity": "sha512-TC0dmN0K8YcWEAEfiPi5gJP14eJe30TTGjkvek3iM/1NdHHsdCA/Td6GvNndMOo/iSnIsZ4HuuhrYPDAmbxzww==",
      "dev": true
    },
    "linq": {
      "version": "4.0.3",
      "resolved": "https://registry.npmjs.org/linq/-/linq-4.0.3.tgz",
      "integrity": "sha512-dP0w2ERJXfVUk6VmmAK+Tz/SxFHwyY7VM6Mrq4fnJmeQf9JNEYFH6qJfV6Qn0N91mfwz2GEE/4S+RDkmDNyUJw==",
      "dev": true
    },
    "typescript": {
      "version": "5.9.3",
      "resolved": "https://registry.npmjs.org/typescript/-/typescript-5.9.3.tgz",
      "integrity": "sha512-jl1vZzPDinLr9eUt3J/t7V6FgNEw9QjvBPdysz9KfQDD41fQrC2Y4vKQdiaUpFT4bXlb1RHhLpp8wtm6M5TgSw==",
      "dev": true
    }
  }
}
